<?xml version="1.0" encoding="utf-8"?>
<Project ToolsVersion="4.0" xmlns="http://schemas.microsoft.com/developer/msbuild/2003">
  <ItemGroup>
    <Filter Include="Source Files">
      <UniqueIdentifier>{4FC737F1-C7A5-4376-A066-2A32D752A2FF}</UniqueIdentifier>
      <Extensions>cpp;c;cc;cxx;c++;cppm;ixx;def;odl;idl;hpj;bat;asm;asmx</Extensions>
    </Filter>
    <Filter Include="Header Files">
      <UniqueIdentifier>{93995380-89BD-4b04-88EB-625FBE52EBFB}</UniqueIdentifier>
      <Extensions>h;hh;hpp;hxx;h++;hm;inl;inc;ipp;xsd</Extensions>
    </Filter>
    <Filter Include="Resource Files">
      <UniqueIdentifier>{67DA6AB6-F800-4c08-8B7A-83BB121AAD01}</UniqueIdentifier>
      <Extensions>rc;ico;cur;bmp;dlg;rc2;rct;bin;rgs;gif;jpg;jpeg;jpe;resx;tiff;tif;png;wav;mfcribbon-ms</Extensions>
    </Filter>
    <Filter Include="Main">
      <UniqueIdentifier>{86837c03-9e85-409d-9d2e-729c31e44c7b}</UniqueIdentifier>
    </Filter>
    <Filter Include="External">
      <UniqueIdentifier>{3fe6b8e7-1e0b-44bc-9a6f-80149febe918}</UniqueIdentifier>
    </Filter>
    <Filter Include="Utilities">
      <UniqueIdentifier>{2ff8425a-39c6-474e-bcdf-7cbfa59774e3}</UniqueIdentifier>
    </Filter>
    <Filter Include="User-Interface">
      <UniqueIdentifier>{d3467946-2081-4130-8adf-5be7981a6600}</UniqueIdentifier>
    </Filter>
    <Filter Include="User-Interface\Header Files">
      <UniqueIdentifier>{57a0aa26-2fb3-47e5-8b82-a386cbff775a}</UniqueIdentifier>
    </Filter>
    <Filter Include="User-Interface\Source Files">
      <UniqueIdentifier>{c6aeae62-c478-4f14-8d69-3cee22393177}</UniqueIdentifier>
    </Filter>
    <Filter Include="Header Files\DS_Design">
      <UniqueIdentifier>{3ad648ec-34f2-4536-9970-ba35463737eb}</UniqueIdentifier>
    </Filter>
    <Filter Include="Header Files\DS_Design\Blueprints">
      <UniqueIdentifier>{64a4f564-73b8-4753-8f6c-2cae7a492164}</UniqueIdentifier>
    </Filter>
    <Filter Include="Header Files\DS_Design\Implementation">
      <UniqueIdentifier>{a26161b4-1811-4d64-abc3-06109113d9b3}</UniqueIdentifier>
    </Filter>
  </ItemGroup>
  <ItemGroup>
    <ClInclude Include="src\data-structures\BinarySearchTree.h">
      <Filter>Header Files</Filter>
    </ClInclude>
    <ClInclude Include="src\data-structures\CircularQueue.h">
      <Filter>Header Files</Filter>
    </ClInclude>
    <ClInclude Include="src\data-structures\Graph.h">
      <Filter>Header Files</Filter>
    </ClInclude>
    <ClInclude Include="src\data-structures\HashTable.h">
      <Filter>Header Files</Filter>
    </ClInclude>
    <ClInclude Include="src\data-structures\LinkedList.h">
      <Filter>Header Files</Filter>
    </ClInclude>
    <ClInclude Include="src\data-structures\MyDS.h">
      <Filter>Header Files</Filter>
    </ClInclude>
    <ClInclude Include="src\data-structures\Queue.h">
      <Filter>Header Files</Filter>
    </ClInclude>
    <ClInclude Include="src\data-structures\Stack.h">
      <Filter>Header Files</Filter>
    </ClInclude>
    <ClInclude Include="src\ui\External\BGI\include\dibapi.h">
      <Filter>External</Filter>
    </ClInclude>
    <ClInclude Include="src\ui\External\BGI\include\dibutil.h">
      <Filter>External</Filter>
    </ClInclude>
    <ClInclude Include="src\ui\External\BGI\include\graphics.h">
      <Filter>External</Filter>
    </ClInclude>
    <ClInclude Include="src\ui\External\BGI\include\winbgi.h">
      <Filter>External</Filter>
    </ClInclude>
    <ClInclude Include="src\ui\External\BGI\include\winbgim.h">
      <Filter>External</Filter>
    </ClInclude>
    <ClInclude Include="src\ui\External\BGI\include\winbgitypes.h">
      <Filter>External</Filter>
    </ClInclude>
    <ClInclude Include="src\utils\display-variables.h">
      <Filter>Utilities</Filter>
    </ClInclude>
    <ClInclude Include="src\ui\controls.h">
      <Filter>User-Interface\Header Files</Filter>
    </ClInclude>
    <ClInclude Include="src\ui\frontend.h">
      <Filter>User-Interface\Header Files</Filter>
    </ClInclude>
    <ClInclude Include="src\data-structures\DS_Blueprint.h">
      <Filter>Header Files\DS_Design\Blueprints</Filter>
    </ClInclude>
    <ClInclude Include="src\data-structures\Linear_DS_Blueprint.h">
      <Filter>Header Files\DS_Design\Blueprints</Filter>
    </ClInclude>
    <ClInclude Include="src\data-structures\Non_Linear_DS_Blueprint.h">
      <Filter>Header Files\DS_Design\Blueprints</Filter>
    </ClInclude>
    <ClInclude Include="src\data-structures\Abstract_DS_Blueprint.h">
      <Filter>Header Files\DS_Design\Blueprints</Filter>
    </ClInclude>
  </ItemGroup>
  <ItemGroup>
    <ClCompile Include="src\data-structures\Stack.cpp">
      <Filter>Source Files</Filter>
    </ClCompile>
    <ClCompile Include="src\data-structures\Queue.cpp">
      <Filter>Source Files</Filter>
    </ClCompile>
    <ClCompile Include="src\data-structures\LinkedList.cpp">
      <Filter>Source Files</Filter>
    </ClCompile>
    <ClCompile Include="src\data-structures\HashTable.cpp">
      <Filter>Source Files</Filter>
    </ClCompile>
    <ClCompile Include="src\data-structures\Graph.cpp">
      <Filter>Source Files</Filter>
    </ClCompile>
    <ClCompile Include="src\data-structures\CircularQueue.cpp">
      <Filter>Source Files</Filter>
    </ClCompile>
    <ClCompile Include="src\data-structures\BinarySearchTree.cpp">
      <Filter>Source Files</Filter>
    </ClCompile>
    <ClCompile Include="src\main\main.cpp">
      <Filter>Main</Filter>
    </ClCompile>
    <ClCompile Include="src\utils\fileAccess.cpp">
      <Filter>Utilities</Filter>
    </ClCompile>
    <ClCompile Include="src\ui\controls.cpp">
      <Filter>User-Interface\Source Files</Filter>
    </ClCompile>
    <ClCompile Include="src\ui\frontend.cpp">
      <Filter>User-Interface\Source Files</Filter>
    </ClCompile>
  </ItemGroup>
</Project>